{
  "projects": [
    {
      "projectId": "gLnj1ASQa3ENCCCbozzvCK",
      "version": "0.0.4",
      "dependencies": {},
      "lang": "ts",
      "fileLocks": [
        {
          "assetId": "gLnj1ASQa3ENCCCbozzvCK",
          "type": "projectCss",
          "checksum": "1c02168c6b23256606111fdfdbb63549"
        },
        {
          "assetId": "gLnj1ASQa3ENCCCbozzvCK",
          "checksum": "58a352f849f1520e4f338e5d25df4d87",
          "type": "globalContexts"
        }
      ],
      "codegenVersion": "0.0.1"
    },
    {
      "projectId": "gzny5sU7cPH2nhvEqzdB2m",
      "version": "0.0.3",
      "dependencies": {},
      "lang": "ts",
      "fileLocks": [
        {
          "assetId": "gzny5sU7cPH2nhvEqzdB2m",
          "type": "projectCss",
          "checksum": "1c02168c6b23256606111fdfdbb63549"
        }
      ],
      "codegenVersion": "0.0.1"
    },
    {
      "projectId": "2Pi4qcW8q34x5MEMyq2T6D",
      "version": "0.1.2",
      "dependencies": {},
      "lang": "ts",
      "fileLocks": [
        {
          "assetId": "2Pi4qcW8q34x5MEMyq2T6D",
          "type": "projectCss",
          "checksum": "1c02168c6b23256606111fdfdbb63549"
        },
        {
          "assetId": "2Pi4qcW8q34x5MEMyq2T6D",
          "checksum": "1b69a7f2b215c2d38336f1e748504c5c",
          "type": "globalContexts"
        }
      ],
      "codegenVersion": "0.0.1"
    },
    {
      "projectId": "66MC2d9B7YecVEphuUMtqF",
      "version": "1.1.0",
      "dependencies": {},
      "lang": "ts",
      "fileLocks": [
        {
          "assetId": "66MC2d9B7YecVEphuUMtqF",
          "type": "projectCss",
          "checksum": "77c6cae8f6fefe6e329eb4393973c8c6"
        },
        {
          "assetId": "66MC2d9B7YecVEphuUMtqF",
          "checksum": "cb442dc94ffe3c8679bfdc3c9f67ec9e",
          "type": "globalContexts"
        }
      ],
      "codegenVersion": "0.0.1"
    },
    {
      "projectId": "aaYHt73BmYNG15ode6fw3e",
      "version": "latest",
      "dependencies": {
        "66MC2d9B7YecVEphuUMtqF": "1.1.0",
        "2Pi4qcW8q34x5MEMyq2T6D": "0.1.2",
        "gzny5sU7cPH2nhvEqzdB2m": "0.0.3",
        "gLnj1ASQa3ENCCCbozzvCK": "0.0.4"
      },
      "lang": "ts",
      "fileLocks": [
        {
          "type": "globalVariant",
          "assetId": "R-gwNjL9mkP6",
          "checksum": "d07f13b0fbeb04212e122f37f2216709"
        },
        {
          "assetId": "aaYHt73BmYNG15ode6fw3e",
          "checksum": "22652a7e176bc0f74487180c8631ef3b",
          "type": "globalContexts"
        },
        {
          "type": "renderModule",
          "assetId": "j1ltuW437BIV",
          "checksum": "4692fa578b7c367eaa8a6feca98a0a24"
        },
        {
          "type": "cssRules",
          "assetId": "j1ltuW437BIV",
          "checksum": "4692fa578b7c367eaa8a6feca98a0a24"
        },
        {
          "type": "renderModule",
          "assetId": "QTsPnnAShkb-",
          "checksum": "676788ed795fd22a683feee38c851ad7"
        },
        {
          "type": "cssRules",
          "assetId": "QTsPnnAShkb-",
          "checksum": "676788ed795fd22a683feee38c851ad7"
        },
        {
          "type": "renderModule",
          "assetId": "1ddg9G74ohTR",
          "checksum": "dc77b1e54a8a0cb3ebbe383c967813d8"
        },
        {
          "type": "cssRules",
          "assetId": "1ddg9G74ohTR",
          "checksum": "dc77b1e54a8a0cb3ebbe383c967813d8"
        },
        {
          "type": "renderModule",
          "assetId": "qx7RVvF0mlF4",
          "checksum": "14ca52919536590a9fe2ba3049e4795b"
        },
        {
          "type": "cssRules",
          "assetId": "qx7RVvF0mlF4",
          "checksum": "14ca52919536590a9fe2ba3049e4795b"
        },
        {
          "type": "renderModule",
          "assetId": "5Rd6GXG0fC2F",
          "checksum": "ac5fc5adb531f594362074c52733766f"
        },
        {
          "type": "cssRules",
          "assetId": "5Rd6GXG0fC2F",
          "checksum": "ac5fc5adb531f594362074c52733766f"
        },
        {
          "type": "renderModule",
          "assetId": "p8BHIKJe_Il5",
          "checksum": "4d4cbb201cc3e0a53d70b7bc5895f7fb"
        },
        {
          "type": "cssRules",
          "assetId": "p8BHIKJe_Il5",
          "checksum": "4d4cbb201cc3e0a53d70b7bc5895f7fb"
        },
        {
          "type": "renderModule",
          "assetId": "2y-fg9rouQhU",
          "checksum": "8caffbb2f0b0b3c7cf25d3f2eb826f80"
        },
        {
          "type": "cssRules",
          "assetId": "2y-fg9rouQhU",
          "checksum": "8caffbb2f0b0b3c7cf25d3f2eb826f80"
        },
        {
          "type": "icon",
          "assetId": "kbyozD_yMJDx",
          "checksum": "73c2d1f4a125570f7666787e1bf02849"
        },
        {
          "type": "icon",
          "assetId": "EaxBe-5N3IA4",
          "checksum": "5f1d54b9b4d48be88d23519d89aac1b1"
        },
        {
          "type": "icon",
          "assetId": "egkTGvEOSx9c",
          "checksum": "1805da70da42aadfad666f8f5d7ffdef"
        },
        {
          "type": "icon",
          "assetId": "spaMX-qybxmo",
          "checksum": "3afa9365762800b7dbd7145eb7ab28d0"
        },
        {
          "type": "icon",
          "assetId": "F2RIP92BMvXw",
          "checksum": "b655ae98814958d32a0bd536bfd3a114"
        },
        {
          "type": "icon",
          "assetId": "7QweC-TMqoIr",
          "checksum": "2d7c406b15f3e40524c413470bd61e36"
        },
        {
          "type": "icon",
          "assetId": "XAVIBRis7VPN",
          "checksum": "4908f9eecb9f9bcfd68c155bbd2347b0"
        },
        {
          "type": "icon",
          "assetId": "1baUcJ8ibTsa",
          "checksum": "ee7f03bec754697223479589a3ea044b"
        },
        {
          "type": "icon",
          "assetId": "hp_ToJLYsJ3c",
          "checksum": "bef50db24f6f5efd485694eb632712dd"
        },
        {
          "type": "icon",
          "assetId": "1ol7ShU2FNl3",
          "checksum": "b30f499ea1dbefbcf57d79f745353538"
        },
        {
          "assetId": "aaYHt73BmYNG15ode6fw3e",
          "type": "projectCss",
          "checksum": "d3f0aca376dd50b0968450db40e1042a"
        }
      ],
      "codegenVersion": "0.0.1"
    }
  ],
  "cliVersion": "0.0.22"
}
